<?xml version="1.0" encoding="utf-8"?>
<Project ToolsVersion="4.0" xmlns="http://schemas.microsoft.com/developer/msbuild/2003">
  <ItemGroup>
    <ClCompile Include="LzmaSdk\7zFile.c">
      <Filter>7Zip Source Files</Filter>
    </ClCompile>
    <ClCompile Include="LzmaSdk\7zStream.c">
      <Filter>7Zip Source Files</Filter>
    </ClCompile>
    <ClCompile Include="LzmaSdk\Alloc.c">
      <Filter>7Zip Source Files</Filter>
    </ClCompile>
    <ClCompile Include="LzmaSdk\CpuArch.c">
      <Filter>7Zip Source Files</Filter>
    </ClCompile>
    <ClCompile Include="LzmaSdk\LzFind.c">
      <Filter>7Zip Source Files</Filter>
    </ClCompile>
    <ClCompile Include="LzmaSdk\LzFindMt.c">
      <Filter>7Zip Source Files</Filter>
    </ClCompile>
    <ClCompile Include="LzmaSdk\Lzma2Dec.c">
      <Filter>7Zip Source Files</Filter>
    </ClCompile>
    <ClCompile Include="LzmaSdk\Lzma2Enc.c">
      <Filter>7Zip Source Files</Filter>
    </ClCompile>
    <ClCompile Include="LzmaSdk\LzmaDec.c">
      <Filter>7Zip Source Files</Filter>
    </ClCompile>
    <ClCompile Include="LzmaSdk\LzmaEnc.c">
      <Filter>7Zip Source Files</Filter>
    </ClCompile>
    <ClCompile Include="LzmaSdk\MtDec.c">
      <Filter>7Zip Source Files</Filter>
    </ClCompile>
    <ClCompile Include="LzmaSdk\MtCoder.c">
      <Filter>7Zip Source Files</Filter>
    </ClCompile>
    <ClCompile Include="LzmaSdk\Threads.c">
      <Filter>7Zip Source Files</Filter>
    </ClCompile>
    <ClCompile Include="64BitHashes.cpp">
      <Filter>Source Files</Filter>
    </ClCompile>
    <ClCompile Include="Base64Encoder.cpp">
      <Filter>Source Files</Filter>
    </ClCompile>
    <ClCompile Include="BaseException.cpp">
      <Filter>Source Files</Filter>
    </ClCompile>
    <ClCompile Include="CompressionHelperFunctions.cpp">
      <Filter>Source Files</Filter>
    </ClCompile>
    <ClCompile Include="ExceptionRegister.cpp">
      <Filter>Source Files</Filter>
    </ClCompile>
    <ClCompile Include="Guid.cpp">
      <Filter>Source Files</Filter>
    </ClCompile>
    <ClCompile Include="JsonValue.cpp">
      <Filter>Source Files</Filter>
    </ClCompile>
    <ClCompile Include="Object.cpp">
      <Filter>Source Files</Filter>
    </ClCompile>
    <ClCompile Include="RestApiHelperFunctions.cpp">
      <Filter>Source Files</Filter>
    </ClCompile>
    <ClCompile Include="SmartMemoryAllocator.cpp">
      <Filter>Source Files</Filter>
    </ClCompile>
    <ClCompile Include="StructuredBufferElement.cpp">
      <Filter>Source Files</Filter>
    </ClCompile>
    <ClCompile Include="Utils.cpp">
      <Filter>Source Files</Filter>
    </ClCompile>
    <ClCompile Include="JsonParser.cpp">
      <Filter>Source Files</Filter>
    </ClCompile>
    <ClCompile Include="StructuredBuffer.cpp">
      <Filter>Source Files</Filter>
    </ClCompile>
    <ClCompile Include="DateAndTime.cpp">
      <Filter>Source Files</Filter>
    </ClCompile>
  </ItemGroup>
  <ItemGroup>
    <ClInclude Include="..\Include\64BitHashes.h">
      <Filter>Include</Filter>
    </ClInclude>
    <ClInclude Include="..\Include\Base64Encoder.h">
      <Filter>Include</Filter>
    </ClInclude>
    <ClInclude Include="..\Include\CompressionHelperFunctions.h">
      <Filter>Include</Filter>
    </ClInclude>
    <ClInclude Include="..\Include\CoreTypes.h">
      <Filter>Include</Filter>
    </ClInclude>
    <ClInclude Include="..\Include\DebugLibrary.h">
      <Filter>Include</Filter>
    </ClInclude>
    <ClInclude Include="..\Include\ExceptionRegister.h">
      <Filter>Include</Filter>
    </ClInclude>
    <ClInclude Include="..\Include\Exceptions.h">
      <Filter>Include</Filter>
    </ClInclude>
    <ClInclude Include="..\Include\Guid.h">
      <Filter>Include</Filter>
    </ClInclude>
    <ClInclude Include="..\Include\JsonValue.h">
      <Filter>Include</Filter>
    </ClInclude>
    <ClInclude Include="..\Include\Object.h">
      <Filter>Include</Filter>
    </ClInclude>
    <ClInclude Include="..\Include\RestApiHelperFunctions.h">
      <Filter>Include</Filter>
    </ClInclude>
    <ClInclude Include="..\Include\StructuredBuffer.h">
      <Filter>Include</Filter>
    </ClInclude>
    <ClInclude Include="..\Include\Utils.h">
      <Filter>Include</Filter>
    </ClInclude>
    <ClInclude Include="..\Include\SmartMemoryAllocator.h">
      <Filter>Include</Filter>
    </ClInclude>
    <ClInclude Include="..\Include\JsonParser.h">
      <Filter>Include</Filter>
    </ClInclude>
    <ClInclude Include="..\Include\DateAndTime.h">
      <Filter>Include</Filter>
    </ClInclude>
  </ItemGroup>
  <ItemGroup>
    <Filter Include="Include">
      <UniqueIdentifier>{187e2f68-bf0f-46f1-ada1-f347d1bf1c22}</UniqueIdentifier>
    </Filter>
    <Filter Include="Source Files">
      <UniqueIdentifier>{1f65dccb-cf0a-4c12-9cc3-fc18a28f9680}</UniqueIdentifier>
    </Filter>
    <Filter Include="7Zip Source Files">
      <UniqueIdentifier>{1430cb78-a827-4c34-9a6c-7eb33e0a098c}</UniqueIdentifier>
    </Filter>
  </ItemGroup>
</Project>